
Microsoft Visual Studio Solution File, Format Version 12.00
Project("{FAE04EC0-301F-11D3-BF4B-00C04F79EFBC}") = "Sample_UGS_CloudCode", "Sample_UGS_CloudCode\Sample_UGS_CloudCode.csproj", "{1B31F61D-4BCC-4A5B-876A-36DB148784A2}"
EndProject
Project("{FAE04EC0-301F-11D3-BF4B-00C04F79EFBC}") = "SharedLibrary", "SharedLibrary\SharedLibrary.csproj", "{15A14B87-8E91-4FE3-8B47-57726FCF286C}"
EndProject
Project("{FAE04EC0-301F-11D3-BF4B-00C04F79EFBC}") = "UnitTest", "UnitTest\UnitTest.csproj", "{3896A7AA-08EF-4922-8CEE-A678A9469A07}"
EndProject
Global
	GlobalSection(SolutionConfigurationPlatforms) = preSolution
		Debug|Any CPU = Debug|Any CPU
		Release|Any CPU = Release|Any CPU
	EndGlobalSection
	GlobalSection(ProjectConfigurationPlatforms) = postSolution
		{1B31F61D-4BCC-4A5B-876A-36DB148784A2}.Debug|Any CPU.ActiveCfg = Debug|Any CPU
		{1B31F61D-4BCC-4A5B-876A-36DB148784A2}.Debug|Any CPU.Build.0 = Debug|Any CPU
		{1B31F61D-4BCC-4A5B-876A-36DB148784A2}.Release|Any CPU.ActiveCfg = Release|Any CPU
		{1B31F61D-4BCC-4A5B-876A-36DB148784A2}.Release|Any CPU.Build.0 = Release|Any CPU
		{15A14B87-8E91-4FE3-8B47-57726FCF286C}.Debug|Any CPU.ActiveCfg = Debug|Any CPU
		{15A14B87-8E91-4FE3-8B47-57726FCF286C}.Debug|Any CPU.Build.0 = Debug|Any CPU
		{15A14B87-8E91-4FE3-8B47-57726FCF286C}.Release|Any CPU.ActiveCfg = Release|Any CPU
		{15A14B87-8E91-4FE3-8B47-57726FCF286C}.Release|Any CPU.Build.0 = Release|Any CPU
		{3896A7AA-08EF-4922-8CEE-A678A9469A07}.Debug|Any CPU.ActiveCfg = Debug|Any CPU
		{3896A7AA-08EF-4922-8CEE-A678A9469A07}.Debug|Any CPU.Build.0 = Debug|Any CPU
		{3896A7AA-08EF-4922-8CEE-A678A9469A07}.Release|Any CPU.ActiveCfg = Release|Any CPU
		{3896A7AA-08EF-4922-8CEE-A678A9469A07}.Release|Any CPU.Build.0 = Release|Any CPU
	EndGlobalSection
EndGlobal
